# This file is automatically @generated by Cargo.
# It is not intended for manual editing.
version = 4

[[package]]
name = "avr-delay"
version = "0.1.0"
dependencies = [
 "avr-pin",
]

[[package]]
name = "avr-pin"
version = "0.1.0"
source = "git+https://github.com/MCATSW/avr-pin.git#4feafb992c20e8d52dea4d83e39f41e419471413"
